
Microsoft Visual Studio Solution File, Format Version 12.00
# Visual Studio 15
VisualStudioVersion = 15.0.27703.2026
MinimumVisualStudioVersion = 10.0.40219.1
Project("{8BC9CEB8-8B4A-11D0-8D11-00A0C91BC942}") = "LongNumber", "LongNumber\LongNumber.vcxproj", "{835469CE-7A57-435A-8832-39C3DA2E58A7}"
EndProject
Project("{8BC9CEB8-8B4A-11D0-8D11-00A0C91BC942}") = "Fraction", "Fraction\Fraction.vcxproj", "{C97A9C93-D415-4274-BBCB-8ABCA5AFB825}"
EndProject
Project("{8BC9CEB8-8B4A-11D0-8D11-00A0C91BC942}") = "Polynomial", "Polynomial\Polynomial.vcxproj", "{079938B0-7707-48D8-929A-84D7DFE83E25}"
EndProject
Global
	GlobalSection(SolutionConfigurationPlatforms) = preSolution
		Debug|x64 = Debug|x64
		Debug|x86 = Debug|x86
		Release|x64 = Release|x64
		Release|x86 = Release|x86
	EndGlobalSection
	GlobalSection(ProjectConfigurationPlatforms) = postSolution
		{835469CE-7A57-435A-8832-39C3DA2E58A7}.Debug|x64.ActiveCfg = Debug|x64
		{835469CE-7A57-435A-8832-39C3DA2E58A7}.Debug|x64.Build.0 = Debug|x64
		{835469CE-7A57-435A-8832-39C3DA2E58A7}.Debug|x86.ActiveCfg = Debug|Win32
		{835469CE-7A57-435A-8832-39C3DA2E58A7}.Debug|x86.Build.0 = Debug|Win32
		{835469CE-7A57-435A-8832-39C3DA2E58A7}.Release|x64.ActiveCfg = Release|x64
		{835469CE-7A57-435A-8832-39C3DA2E58A7}.Release|x64.Build.0 = Release|x64
		{835469CE-7A57-435A-8832-39C3DA2E58A7}.Release|x86.ActiveCfg = Release|Win32
		{835469CE-7A57-435A-8832-39C3DA2E58A7}.Release|x86.Build.0 = Release|Win32
		{C97A9C93-D415-4274-BBCB-8ABCA5AFB825}.Debug|x64.ActiveCfg = Debug|x64
		{C97A9C93-D415-4274-BBCB-8ABCA5AFB825}.Debug|x64.Build.0 = Debug|x64
		{C97A9C93-D415-4274-BBCB-8ABCA5AFB825}.Debug|x86.ActiveCfg = Debug|Win32
		{C97A9C93-D415-4274-BBCB-8ABCA5AFB825}.Debug|x86.Build.0 = Debug|Win32
		{C97A9C93-D415-4274-BBCB-8ABCA5AFB825}.Release|x64.ActiveCfg = Release|x64
		{C97A9C93-D415-4274-BBCB-8ABCA5AFB825}.Release|x64.Build.0 = Release|x64
		{C97A9C93-D415-4274-BBCB-8ABCA5AFB825}.Release|x86.ActiveCfg = Release|Win32
		{C97A9C93-D415-4274-BBCB-8ABCA5AFB825}.Release|x86.Build.0 = Release|Win32
		{079938B0-7707-48D8-929A-84D7DFE83E25}.Debug|x64.ActiveCfg = Debug|x64
		{079938B0-7707-48D8-929A-84D7DFE83E25}.Debug|x64.Build.0 = Debug|x64
		{079938B0-7707-48D8-929A-84D7DFE83E25}.Debug|x86.ActiveCfg = Debug|Win32
		{079938B0-7707-48D8-929A-84D7DFE83E25}.Debug|x86.Build.0 = Debug|Win32
		{079938B0-7707-48D8-929A-84D7DFE83E25}.Release|x64.ActiveCfg = Release|x64
		{079938B0-7707-48D8-929A-84D7DFE83E25}.Release|x64.Build.0 = Release|x64
		{079938B0-7707-48D8-929A-84D7DFE83E25}.Release|x86.ActiveCfg = Release|Win32
		{079938B0-7707-48D8-929A-84D7DFE83E25}.Release|x86.Build.0 = Release|Win32
	EndGlobalSection
	GlobalSection(SolutionProperties) = preSolution
		HideSolutionNode = FALSE
	EndGlobalSection
	GlobalSection(ExtensibilityGlobals) = postSolution
		SolutionGuid = {D9229B96-E63E-415A-9E15-F3EA71A669FE}
	EndGlobalSection
EndGlobal
